
Microsoft Visual Studio Solution File, Format Version 12.00
# Visual Studio Version 16
VisualStudioVersion = 16.0.29123.88
MinimumVisualStudioVersion = 10.0.40219.1
Project("{9A19103F-16F7-4668-BE54-9A1E7A4F7556}") = "RPSLS.DotNetPlayer.Api", "RPSLS.DotNetPlayer.Api.csproj", "{0E35D4AF-9DDF-47DD-B4BD-73882848CEBD}"
EndProject
Global
	GlobalSection(SolutionConfigurationPlatforms) = preSolution
		Debug|Any CPU = Debug|Any CPU
		Release|Any CPU = Release|Any CPU
	EndGlobalSection
	GlobalSection(ProjectConfigurationPlatforms) = postSolution
		{0E35D4AF-9DDF-47DD-B4BD-73882848CEBD}.Debug|Any CPU.ActiveCfg = Debug|Any CPU
		{0E35D4AF-9DDF-47DD-B4BD-73882848CEBD}.Debug|Any CPU.Build.0 = Debug|Any CPU
		{0E35D4AF-9DDF-47DD-B4BD-73882848CEBD}.Release|Any CPU.ActiveCfg = Release|Any CPU
		{0E35D4AF-9DDF-47DD-B4BD-73882848CEBD}.Release|Any CPU.Build.0 = Release|Any CPU
	EndGlobalSection
	GlobalSection(SolutionProperties) = preSolution
		HideSolutionNode = FALSE
	EndGlobalSection
	GlobalSection(ExtensibilityGlobals) = postSolution
		SolutionGuid = {8B666490-1A3C-433D-8076-204E83A72FD9}
	EndGlobalSection
EndGlobal
