
Microsoft Visual Studio Solution File, Format Version 12.00
# Visual Studio Version 16
VisualStudioVersion = 16.0.29326.143
MinimumVisualStudioVersion = 10.0.40219.1
Project("{2150E333-8FDC-42A3-9474-1A3956D46DE8}") = "Services", "Services", "{906E639C-A143-434E-810F-084ECD5FD196}"
EndProject
Project("{E53339B2-1760-4266-BCC7-CA923CBCF16C}") = "docker-compose", "docker-compose.dcproj", "{FEA0C318-FFED-4D39-8781-265718CA43DD}"
EndProject
Project("{9A19103F-16F7-4668-BE54-9A1E7A4F7556}") = "RPSLS.Game.Api", "Services\RPSLS.Game.Api\RPSLS.Game.Api.csproj", "{1E3609EA-A96D-476A-8314-4960687CBDB6}"
EndProject
Project("{9A19103F-16F7-4668-BE54-9A1E7A4F7556}") = "RPSLS.ModelUploader.Web", "Services\RPSLS.ModelUploader.Web\RPSLS.ModelUploader.Web.csproj", "{CD0AF309-7688-46CB-A656-400DB57ADBA9}"
EndProject
Project("{9A19103F-16F7-4668-BE54-9A1E7A4F7556}") = "RPSLS.Game.Multiplayer", "Services\RPSLS.Game.Multiplayer\RPSLS.Game.Multiplayer.csproj", "{AA620F08-69EC-4C47-AB79-6080A2718DD1}"
EndProject
Project("{9A19103F-16F7-4668-BE54-9A1E7A4F7556}") = "RPSLS.Game.Server", "Services\RPSLS.Game\Server\RPSLS.Game.Server.csproj", "{95370BB0-B66E-474F-BEB2-4EFBC3CEAF98}"
EndProject
Project("{9A19103F-16F7-4668-BE54-9A1E7A4F7556}") = "RPSLS.Game.Client", "Services\RPSLS.Game\Client\RPSLS.Game.Client.csproj", "{72ED88D8-F592-4F7F-AF1D-B4E7DC101200}"
EndProject
Project("{9A19103F-16F7-4668-BE54-9A1E7A4F7556}") = "RPSLS.Game.Shared", "Services\RPSLS.Game\Shared\RPSLS.Game.Shared.csproj", "{204FBF40-D8C4-41ED-8C53-C89F6B21ABF2}"
EndProject
Global
	GlobalSection(SolutionConfigurationPlatforms) = preSolution
		Debug|Any CPU = Debug|Any CPU
		Release|Any CPU = Release|Any CPU
	EndGlobalSection
	GlobalSection(ProjectConfigurationPlatforms) = postSolution
		{FEA0C318-FFED-4D39-8781-265718CA43DD}.Debug|Any CPU.ActiveCfg = Debug|Any CPU
		{FEA0C318-FFED-4D39-8781-265718CA43DD}.Debug|Any CPU.Build.0 = Debug|Any CPU
		{FEA0C318-FFED-4D39-8781-265718CA43DD}.Release|Any CPU.ActiveCfg = Release|Any CPU
		{FEA0C318-FFED-4D39-8781-265718CA43DD}.Release|Any CPU.Build.0 = Release|Any CPU
		{1E3609EA-A96D-476A-8314-4960687CBDB6}.Debug|Any CPU.ActiveCfg = Debug|Any CPU
		{1E3609EA-A96D-476A-8314-4960687CBDB6}.Debug|Any CPU.Build.0 = Debug|Any CPU
		{1E3609EA-A96D-476A-8314-4960687CBDB6}.Release|Any CPU.ActiveCfg = Release|Any CPU
		{1E3609EA-A96D-476A-8314-4960687CBDB6}.Release|Any CPU.Build.0 = Release|Any CPU
		{CD0AF309-7688-46CB-A656-400DB57ADBA9}.Debug|Any CPU.ActiveCfg = Debug|Any CPU
		{CD0AF309-7688-46CB-A656-400DB57ADBA9}.Debug|Any CPU.Build.0 = Debug|Any CPU
		{CD0AF309-7688-46CB-A656-400DB57ADBA9}.Release|Any CPU.ActiveCfg = Release|Any CPU
		{CD0AF309-7688-46CB-A656-400DB57ADBA9}.Release|Any CPU.Build.0 = Release|Any CPU
		{AA620F08-69EC-4C47-AB79-6080A2718DD1}.Debug|Any CPU.ActiveCfg = Debug|Any CPU
		{AA620F08-69EC-4C47-AB79-6080A2718DD1}.Debug|Any CPU.Build.0 = Debug|Any CPU
		{AA620F08-69EC-4C47-AB79-6080A2718DD1}.Release|Any CPU.ActiveCfg = Release|Any CPU
		{AA620F08-69EC-4C47-AB79-6080A2718DD1}.Release|Any CPU.Build.0 = Release|Any CPU
		{95370BB0-B66E-474F-BEB2-4EFBC3CEAF98}.Debug|Any CPU.ActiveCfg = Debug|Any CPU
		{95370BB0-B66E-474F-BEB2-4EFBC3CEAF98}.Debug|Any CPU.Build.0 = Debug|Any CPU
		{95370BB0-B66E-474F-BEB2-4EFBC3CEAF98}.Release|Any CPU.ActiveCfg = Release|Any CPU
		{95370BB0-B66E-474F-BEB2-4EFBC3CEAF98}.Release|Any CPU.Build.0 = Release|Any CPU
		{72ED88D8-F592-4F7F-AF1D-B4E7DC101200}.Debug|Any CPU.ActiveCfg = Debug|Any CPU
		{72ED88D8-F592-4F7F-AF1D-B4E7DC101200}.Debug|Any CPU.Build.0 = Debug|Any CPU
		{72ED88D8-F592-4F7F-AF1D-B4E7DC101200}.Release|Any CPU.ActiveCfg = Release|Any CPU
		{72ED88D8-F592-4F7F-AF1D-B4E7DC101200}.Release|Any CPU.Build.0 = Release|Any CPU
		{204FBF40-D8C4-41ED-8C53-C89F6B21ABF2}.Debug|Any CPU.ActiveCfg = Debug|Any CPU
		{204FBF40-D8C4-41ED-8C53-C89F6B21ABF2}.Debug|Any CPU.Build.0 = Debug|Any CPU
		{204FBF40-D8C4-41ED-8C53-C89F6B21ABF2}.Release|Any CPU.ActiveCfg = Release|Any CPU
		{204FBF40-D8C4-41ED-8C53-C89F6B21ABF2}.Release|Any CPU.Build.0 = Release|Any CPU
	EndGlobalSection
	GlobalSection(SolutionProperties) = preSolution
		HideSolutionNode = FALSE
	EndGlobalSection
	GlobalSection(NestedProjects) = preSolution
		{1E3609EA-A96D-476A-8314-4960687CBDB6} = {906E639C-A143-434E-810F-084ECD5FD196}
		{CD0AF309-7688-46CB-A656-400DB57ADBA9} = {906E639C-A143-434E-810F-084ECD5FD196}
		{AA620F08-69EC-4C47-AB79-6080A2718DD1} = {906E639C-A143-434E-810F-084ECD5FD196}
		{95370BB0-B66E-474F-BEB2-4EFBC3CEAF98} = {906E639C-A143-434E-810F-084ECD5FD196}
		{72ED88D8-F592-4F7F-AF1D-B4E7DC101200} = {906E639C-A143-434E-810F-084ECD5FD196}
		{204FBF40-D8C4-41ED-8C53-C89F6B21ABF2} = {906E639C-A143-434E-810F-084ECD5FD196}
	EndGlobalSection
	GlobalSection(ExtensibilityGlobals) = postSolution
		SolutionGuid = {6C5294AA-5DC9-4F7E-8C17-8A0CE521FFFA}
	EndGlobalSection
EndGlobal
